
Microsoft Visual Studio Solution File, Format Version 12.00
# Visual Studio 15
VisualStudioVersion = 15.0.27703.2000
MinimumVisualStudioVersion = 10.0.40219.1
Project("{FAE04EC0-301F-11D3-BF4B-00C04F79EFBC}") = "Vidly", "Vidly\Vidly.csproj", "{BD06D272-EE34-4ADA-82CB-4EFF98D31B56}"
EndProject
Global
	GlobalSection(SolutionConfigurationPlatforms) = preSolution
		Debug|Any CPU = Debug|Any CPU
		Release|Any CPU = Release|Any CPU
		Testing|Any CPU = Testing|Any CPU
	EndGlobalSection
	GlobalSection(ProjectConfigurationPlatforms) = postSolution
		{BD06D272-EE34-4ADA-82CB-4EFF98D31B56}.Debug|Any CPU.ActiveCfg = Debug|Any CPU
		{BD06D272-EE34-4ADA-82CB-4EFF98D31B56}.Debug|Any CPU.Build.0 = Debug|Any CPU
		{BD06D272-EE34-4ADA-82CB-4EFF98D31B56}.Release|Any CPU.ActiveCfg = Release|Any CPU
		{BD06D272-EE34-4ADA-82CB-4EFF98D31B56}.Release|Any CPU.Build.0 = Release|Any CPU
		{BD06D272-EE34-4ADA-82CB-4EFF98D31B56}.Testing|Any CPU.ActiveCfg = Testing|Any CPU
		{BD06D272-EE34-4ADA-82CB-4EFF98D31B56}.Testing|Any CPU.Build.0 = Testing|Any CPU
	EndGlobalSection
	GlobalSection(SolutionProperties) = preSolution
		HideSolutionNode = FALSE
	EndGlobalSection
	GlobalSection(ExtensibilityGlobals) = postSolution
		SolutionGuid = {BD2E8C6E-E377-4242-AF36-4992A3448616}
	EndGlobalSection
EndGlobal
